// !$*UTF8*$!
{
	archiveVersion = 1;
	classes = {
	};
	objectVersion = 56;
	objects = {

/* Begin PBXBuildFile section */
		1C06EF022CFB14D800B7C395 /* TaskMainCell.swift in Sources */ = {isa = PBXBuildFile; fileRef = 1C06EF012CFB14D300B7C395 /* TaskMainCell.swift */; };
		1C16B61B2C847FE1000C240D /* SplashViewController.swift in Sources */ = {isa = PBXBuildFile; fileRef = 1C16B61A2C847FE1000C240D /* SplashViewController.swift */; };
		1C3992442C8371E100080092 /* Interactor.swift in Sources */ = {isa = PBXBuildFile; fileRef = 1C3992432C8371E100080092 /* Interactor.swift */; };
		1C3992462C83733E00080092 /* Presenter.swift in Sources */ = {isa = PBXBuildFile; fileRef = 1C3992452C83733E00080092 /* Presenter.swift */; };
		1C3992482C8373A800080092 /* Router.swift in Sources */ = {isa = PBXBuildFile; fileRef = 1C3992472C8373A800080092 /* Router.swift */; };
		1C5DA2132CFCD200009EBF20 /* UIColor.swift in Sources */ = {isa = PBXBuildFile; fileRef = 1C5DA2122CFCD1FD009EBF20 /* UIColor.swift */; };
		1C8669212C80D1CC004B5381 /* AppDelegate.swift in Sources */ = {isa = PBXBuildFile; fileRef = 1C8669202C80D1CC004B5381 /* AppDelegate.swift */; };
		1C8669232C80D1CC004B5381 /* SceneDelegate.swift in Sources */ = {isa = PBXBuildFile; fileRef = 1C8669222C80D1CC004B5381 /* SceneDelegate.swift */; };
		1C8669252C80D1CC004B5381 /* TaskMainView.swift in Sources */ = {isa = PBXBuildFile; fileRef = 1C8669242C80D1CC004B5381 /* TaskMainView.swift */; };
		1C86692B2C80D1CC004B5381 /* ToDoList.xcdatamodeld in Sources */ = {isa = PBXBuildFile; fileRef = 1C8669292C80D1CC004B5381 /* ToDoList.xcdatamodeld */; };
		1C86692D2C80D1CE004B5381 /* Assets.xcassets in Resources */ = {isa = PBXBuildFile; fileRef = 1C86692C2C80D1CE004B5381 /* Assets.xcassets */; };
		1C8669302C80D1CE004B5381 /* Base in Resources */ = {isa = PBXBuildFile; fileRef = 1C86692F2C80D1CE004B5381 /* Base */; };
		1C86693B2C80DA5E004B5381 /* TaskMainEntity.swift in Sources */ = {isa = PBXBuildFile; fileRef = 1C86693A2C80DA5E004B5381 /* TaskMainEntity.swift */; };
		1C8790832C931238009ED58C /* CoreDataService.swift in Sources */ = {isa = PBXBuildFile; fileRef = 1C8790822C931238009ED58C /* CoreDataService.swift */; };
		1C8790862C931377009ED58C /* APIService.swift in Sources */ = {isa = PBXBuildFile; fileRef = 1C8790852C931377009ED58C /* APIService.swift */; };
		1CC1E5E32CE91D57002AF49C /* TaskMainRepository.swift in Sources */ = {isa = PBXBuildFile; fileRef = 1CC1E5E22CE91D51002AF49C /* TaskMainRepository.swift */; };
		1CDA7A5F2CF8EE540050BFCE /* TaskEditView.swift in Sources */ = {isa = PBXBuildFile; fileRef = 1CDA7A5E2CF8EE520050BFCE /* TaskEditView.swift */; };
		1CDA7A622CF8EE760050BFCE /* TaskEditPresenter.swift in Sources */ = {isa = PBXBuildFile; fileRef = 1CDA7A612CF8EE750050BFCE /* TaskEditPresenter.swift */; };
		1CDA7A642CF8EE950050BFCE /* TaskEditInteractor.swift in Sources */ = {isa = PBXBuildFile; fileRef = 1CDA7A632CF8EE930050BFCE /* TaskEditInteractor.swift */; };
		1CDA7A662CF8EEC60050BFCE /* TaskEditRouter.swift in Sources */ = {isa = PBXBuildFile; fileRef = 1CDA7A652CF8EEC40050BFCE /* TaskEditRouter.swift */; };
/* End PBXBuildFile section */

/* Begin PBXFileReference section */
		1C06EF012CFB14D300B7C395 /* TaskMainCell.swift */ = {isa = PBXFileReference; lastKnownFileType = sourcecode.swift; path = TaskMainCell.swift; sourceTree = "<group>"; };
		1C16B61A2C847FE1000C240D /* SplashViewController.swift */ = {isa = PBXFileReference; lastKnownFileType = sourcecode.swift; path = SplashViewController.swift; sourceTree = "<group>"; };
		1C3992432C8371E100080092 /* Interactor.swift */ = {isa = PBXFileReference; lastKnownFileType = sourcecode.swift; path = Interactor.swift; sourceTree = "<group>"; };
		1C3992452C83733E00080092 /* Presenter.swift */ = {isa = PBXFileReference; lastKnownFileType = sourcecode.swift; path = Presenter.swift; sourceTree = "<group>"; };
		1C3992472C8373A800080092 /* Router.swift */ = {isa = PBXFileReference; lastKnownFileType = sourcecode.swift; path = Router.swift; sourceTree = "<group>"; };
		1C5DA2122CFCD1FD009EBF20 /* UIColor.swift */ = {isa = PBXFileReference; lastKnownFileType = sourcecode.swift; path = UIColor.swift; sourceTree = "<group>"; };
		1C86691D2C80D1CC004B5381 /* ToDoList.app */ = {isa = PBXFileReference; explicitFileType = wrapper.application; includeInIndex = 0; path = ToDoList.app; sourceTree = BUILT_PRODUCTS_DIR; };
		1C8669202C80D1CC004B5381 /* AppDelegate.swift */ = {isa = PBXFileReference; lastKnownFileType = sourcecode.swift; path = AppDelegate.swift; sourceTree = "<group>"; };
		1C8669222C80D1CC004B5381 /* SceneDelegate.swift */ = {isa = PBXFileReference; lastKnownFileType = sourcecode.swift; path = SceneDelegate.swift; sourceTree = "<group>"; };
		1C8669242C80D1CC004B5381 /* TaskMainView.swift */ = {isa = PBXFileReference; lastKnownFileType = sourcecode.swift; path = TaskMainView.swift; sourceTree = "<group>"; };
		1C86692A2C80D1CC004B5381 /* ToDoList.xcdatamodel */ = {isa = PBXFileReference; lastKnownFileType = wrapper.xcdatamodel; path = ToDoList.xcdatamodel; sourceTree = "<group>"; };
		1C86692C2C80D1CE004B5381 /* Assets.xcassets */ = {isa = PBXFileReference; lastKnownFileType = folder.assetcatalog; path = Assets.xcassets; sourceTree = "<group>"; };
		1C86692F2C80D1CE004B5381 /* Base */ = {isa = PBXFileReference; lastKnownFileType = file.storyboard; name = Base; path = Base.lproj/LaunchScreen.storyboard; sourceTree = "<group>"; };
		1C8669312C80D1CE004B5381 /* Info.plist */ = {isa = PBXFileReference; lastKnownFileType = text.plist.xml; path = Info.plist; sourceTree = "<group>"; };
		1C86693A2C80DA5E004B5381 /* TaskMainEntity.swift */ = {isa = PBXFileReference; lastKnownFileType = sourcecode.swift; path = TaskMainEntity.swift; sourceTree = "<group>"; };
		1C8790822C931238009ED58C /* CoreDataService.swift */ = {isa = PBXFileReference; lastKnownFileType = sourcecode.swift; path = CoreDataService.swift; sourceTree = "<group>"; };
		1C8790852C931377009ED58C /* APIService.swift */ = {isa = PBXFileReference; lastKnownFileType = sourcecode.swift; path = APIService.swift; sourceTree = "<group>"; };
		1CC1E5E22CE91D51002AF49C /* TaskMainRepository.swift */ = {isa = PBXFileReference; lastKnownFileType = sourcecode.swift; path = TaskMainRepository.swift; sourceTree = "<group>"; };
		1CDA7A5E2CF8EE520050BFCE /* TaskEditView.swift */ = {isa = PBXFileReference; lastKnownFileType = sourcecode.swift; path = TaskEditView.swift; sourceTree = "<group>"; };
		1CDA7A612CF8EE750050BFCE /* TaskEditPresenter.swift */ = {isa = PBXFileReference; lastKnownFileType = sourcecode.swift; path = TaskEditPresenter.swift; sourceTree = "<group>"; };
		1CDA7A632CF8EE930050BFCE /* TaskEditInteractor.swift */ = {isa = PBXFileReference; lastKnownFileType = sourcecode.swift; path = TaskEditInteractor.swift; sourceTree = "<group>"; };
		1CDA7A652CF8EEC40050BFCE /* TaskEditRouter.swift */ = {isa = PBXFileReference; lastKnownFileType = sourcecode.swift; path = TaskEditRouter.swift; sourceTree = "<group>"; };
/* End PBXFileReference section */

/* Begin PBXFrameworksBuildPhase section */
		1C86691A2C80D1CC004B5381 /* Frameworks */ = {
			isa = PBXFrameworksBuildPhase;
			buildActionMask = 2147483647;
			files = (
			);
			runOnlyForDeploymentPostprocessing = 0;
		};
/* End PBXFrameworksBuildPhase section */

/* Begin PBXGroup section */
		1C16B6192C847F93000C240D /* Splash */ = {
			isa = PBXGroup;
			children = (
				1C16B61A2C847FE1000C240D /* SplashViewController.swift */,
			);
			path = Splash;
			sourceTree = "<group>";
		};
		1C39923E2C836CE500080092 /* TaskMainModule */ = {
			isa = PBXGroup;
			children = (
				1C06EF012CFB14D300B7C395 /* TaskMainCell.swift */,
				1CC1E5E22CE91D51002AF49C /* TaskMainRepository.swift */,
				1C8669242C80D1CC004B5381 /* TaskMainView.swift */,
				1C86693A2C80DA5E004B5381 /* TaskMainEntity.swift */,
				1C3992452C83733E00080092 /* Presenter.swift */,
				1C3992432C8371E100080092 /* Interactor.swift */,
				1C3992472C8373A800080092 /* Router.swift */,
			);
			path = TaskMainModule;
			sourceTree = "<group>";
		};
		1C5DA2112CFCD1E6009EBF20 /* Extension */ = {
			isa = PBXGroup;
			children = (
				1C5DA2122CFCD1FD009EBF20 /* UIColor.swift */,
			);
			path = Extension;
			sourceTree = "<group>";
		};
		1C8669142C80D1CC004B5381 = {
			isa = PBXGroup;
			children = (
				1C86691F2C80D1CC004B5381 /* ToDoList */,
				1C86691E2C80D1CC004B5381 /* Products */,
			);
			sourceTree = "<group>";
		};
		1C86691E2C80D1CC004B5381 /* Products */ = {
			isa = PBXGroup;
			children = (
				1C86691D2C80D1CC004B5381 /* ToDoList.app */,
			);
			name = Products;
			sourceTree = "<group>";
		};
		1C86691F2C80D1CC004B5381 /* ToDoList */ = {
			isa = PBXGroup;
			children = (
				1C8790842C931369009ED58C /* APIService */,
				1C8669372C80D8CD004B5381 /* App */,
				1C16B6192C847F93000C240D /* Splash */,
				1C39923E2C836CE500080092 /* TaskMainModule */,
				1CDA7A5D2CF8EE290050BFCE /* TaskEditModule */,
				1C8669392C80D907004B5381 /* CoreData */,
				1C5DA2112CFCD1E6009EBF20 /* Extension */,
				1C8669382C80D8DD004B5381 /* Resource */,
			);
			path = ToDoList;
			sourceTree = "<group>";
		};
		1C8669372C80D8CD004B5381 /* App */ = {
			isa = PBXGroup;
			children = (
				1C8669202C80D1CC004B5381 /* AppDelegate.swift */,
				1C8669222C80D1CC004B5381 /* SceneDelegate.swift */,
			);
			path = App;
			sourceTree = "<group>";
		};
		1C8669382C80D8DD004B5381 /* Resource */ = {
			isa = PBXGroup;
			children = (
				1C86692C2C80D1CE004B5381 /* Assets.xcassets */,
				1C86692E2C80D1CE004B5381 /* LaunchScreen.storyboard */,
				1C8669312C80D1CE004B5381 /* Info.plist */,
			);
			path = Resource;
			sourceTree = "<group>";
		};
		1C8669392C80D907004B5381 /* CoreData */ = {
			isa = PBXGroup;
			children = (
				1C8790812C9311A8009ED58C /* CoreDataService */,
				1C8669292C80D1CC004B5381 /* ToDoList.xcdatamodeld */,
			);
			path = CoreData;
			sourceTree = "<group>";
		};
		1C8790812C9311A8009ED58C /* CoreDataService */ = {
			isa = PBXGroup;
			children = (
				1C8790822C931238009ED58C /* CoreDataService.swift */,
			);
			path = CoreDataService;
			sourceTree = "<group>";
		};
		1C8790842C931369009ED58C /* APIService */ = {
			isa = PBXGroup;
			children = (
				1C8790852C931377009ED58C /* APIService.swift */,
			);
			path = APIService;
			sourceTree = "<group>";
		};
		1CDA7A5D2CF8EE290050BFCE /* TaskEditModule */ = {
			isa = PBXGroup;
			children = (
				1CDA7A5E2CF8EE520050BFCE /* TaskEditView.swift */,
				1CDA7A612CF8EE750050BFCE /* TaskEditPresenter.swift */,
				1CDA7A632CF8EE930050BFCE /* TaskEditInteractor.swift */,
				1CDA7A652CF8EEC40050BFCE /* TaskEditRouter.swift */,
			);
			path = TaskEditModule;
			sourceTree = "<group>";
		};
/* End PBXGroup section */

/* Begin PBXNativeTarget section */
		1C86691C2C80D1CC004B5381 /* ToDoList */ = {
			isa = PBXNativeTarget;
			buildConfigurationList = 1C8669342C80D1CE004B5381 /* Build configuration list for PBXNativeTarget "ToDoList" */;
			buildPhases = (
				1C8669192C80D1CC004B5381 /* Sources */,
				1C86691A2C80D1CC004B5381 /* Frameworks */,
				1C86691B2C80D1CC004B5381 /* Resources */,
			);
			buildRules = (
			);
			dependencies = (
			);
			name = ToDoList;
			productName = ToDoList;
			productReference = 1C86691D2C80D1CC004B5381 /* ToDoList.app */;
			productType = "com.apple.product-type.application";
		};
/* End PBXNativeTarget section */

/* Begin PBXProject section */
		1C8669152C80D1CC004B5381 /* Project object */ = {
			isa = PBXProject;
			attributes = {
				BuildIndependentTargetsInParallel = 1;
				LastSwiftUpdateCheck = 1540;
				LastUpgradeCheck = 1540;
				TargetAttributes = {
					1C86691C2C80D1CC004B5381 = {
						CreatedOnToolsVersion = 15.4;
					};
				};
			};
			buildConfigurationList = 1C8669182C80D1CC004B5381 /* Build configuration list for PBXProject "ToDoList" */;
			compatibilityVersion = "Xcode 14.0";
			developmentRegion = en;
			hasScannedForEncodings = 0;
			knownRegions = (
				en,
				Base,
			);
			mainGroup = 1C8669142C80D1CC004B5381;
			productRefGroup = 1C86691E2C80D1CC004B5381 /* Products */;
			projectDirPath = "";
			projectRoot = "";
			targets = (
				1C86691C2C80D1CC004B5381 /* ToDoList */,
			);
		};
/* End PBXProject section */

/* Begin PBXResourcesBuildPhase section */
		1C86691B2C80D1CC004B5381 /* Resources */ = {
			isa = PBXResourcesBuildPhase;
			buildActionMask = 2147483647;
			files = (
				1C86692D2C80D1CE004B5381 /* Assets.xcassets in Resources */,
				1C8669302C80D1CE004B5381 /* Base in Resources */,
			);
			runOnlyForDeploymentPostprocessing = 0;
		};
/* End PBXResourcesBuildPhase section */

/* Begin PBXSourcesBuildPhase section */
		1C8669192C80D1CC004B5381 /* Sources */ = {
			isa = PBXSourcesBuildPhase;
			buildActionMask = 2147483647;
			files = (
				1C3992482C8373A800080092 /* Router.swift in Sources */,
				1C3992442C8371E100080092 /* Interactor.swift in Sources */,
				1C8790832C931238009ED58C /* CoreDataService.swift in Sources */,
				1CDA7A5F2CF8EE540050BFCE /* TaskEditView.swift in Sources */,
				1C5DA2132CFCD200009EBF20 /* UIColor.swift in Sources */,
				1C3992462C83733E00080092 /* Presenter.swift in Sources */,
				1C06EF022CFB14D800B7C395 /* TaskMainCell.swift in Sources */,
				1C8790862C931377009ED58C /* APIService.swift in Sources */,
				1C16B61B2C847FE1000C240D /* SplashViewController.swift in Sources */,
				1CDA7A622CF8EE760050BFCE /* TaskEditPresenter.swift in Sources */,
				1C86693B2C80DA5E004B5381 /* TaskMainEntity.swift in Sources */,
				1CDA7A662CF8EEC60050BFCE /* TaskEditRouter.swift in Sources */,
				1C8669252C80D1CC004B5381 /* TaskMainView.swift in Sources */,
				1C8669212C80D1CC004B5381 /* AppDelegate.swift in Sources */,
				1CDA7A642CF8EE950050BFCE /* TaskEditInteractor.swift in Sources */,
				1C8669232C80D1CC004B5381 /* SceneDelegate.swift in Sources */,
				1C86692B2C80D1CC004B5381 /* ToDoList.xcdatamodeld in Sources */,
				1CC1E5E32CE91D57002AF49C /* TaskMainRepository.swift in Sources */,
			);
			runOnlyForDeploymentPostprocessing = 0;
		};
/* End PBXSourcesBuildPhase section */

/* Begin PBXVariantGroup section */
		1C86692E2C80D1CE004B5381 /* LaunchScreen.storyboard */ = {
			isa = PBXVariantGroup;
			children = (
				1C86692F2C80D1CE004B5381 /* Base */,
			);
			name = LaunchScreen.storyboard;
			sourceTree = "<group>";
		};
/* End PBXVariantGroup section */

/* Begin XCBuildConfiguration section */
		1C8669322C80D1CE004B5381 /* Debug */ = {
			isa = XCBuildConfiguration;
			buildSettings = {
				ALWAYS_SEARCH_USER_PATHS = NO;
				ASSETCATALOG_COMPILER_GENERATE_SWIFT_ASSET_SYMBOL_EXTENSIONS = YES;
				CLANG_ANALYZER_NONNULL = YES;
				CLANG_ANALYZER_NUMBER_OBJECT_CONVERSION = YES_AGGRESSIVE;
				CLANG_CXX_LANGUAGE_STANDARD = "gnu++20";
				CLANG_ENABLE_MODULES = YES;
				CLANG_ENABLE_OBJC_ARC = YES;
				CLANG_ENABLE_OBJC_WEAK = YES;
				CLANG_WARN_BLOCK_CAPTURE_AUTORELEASING = YES;
				CLANG_WARN_BOOL_CONVERSION = YES;
				CLANG_WARN_COMMA = YES;
				CLANG_WARN_CONSTANT_CONVERSION = YES;
				CLANG_WARN_DEPRECATED_OBJC_IMPLEMENTATIONS = YES;
				CLANG_WARN_DIRECT_OBJC_ISA_USAGE = YES_ERROR;
				CLANG_WARN_DOCUMENTATION_COMMENTS = YES;
				CLANG_WARN_EMPTY_BODY = YES;
				CLANG_WARN_ENUM_CONVERSION = YES;
				CLANG_WARN_INFINITE_RECURSION = YES;
				CLANG_WARN_INT_CONVERSION = YES;
				CLANG_WARN_NON_LITERAL_NULL_CONVERSION = YES;
				CLANG_WARN_OBJC_IMPLICIT_RETAIN_SELF = YES;
				CLANG_WARN_OBJC_LITERAL_CONVERSION = YES;
				CLANG_WARN_OBJC_ROOT_CLASS = YES_ERROR;
				CLANG_WARN_QUOTED_INCLUDE_IN_FRAMEWORK_HEADER = YES;
				CLANG_WARN_RANGE_LOOP_ANALYSIS = YES;
				CLANG_WARN_STRICT_PROTOTYPES = YES;
				CLANG_WARN_SUSPICIOUS_MOVE = YES;
				CLANG_WARN_UNGUARDED_AVAILABILITY = YES_AGGRESSIVE;
				CLANG_WARN_UNREACHABLE_CODE = YES;
				CLANG_WARN__DUPLICATE_METHOD_MATCH = YES;
				COPY_PHASE_STRIP = NO;
				DEBUG_INFORMATION_FORMAT = dwarf;
				ENABLE_STRICT_OBJC_MSGSEND = YES;
				ENABLE_TESTABILITY = YES;
				ENABLE_USER_SCRIPT_SANDBOXING = YES;
				GCC_C_LANGUAGE_STANDARD = gnu17;
				GCC_DYNAMIC_NO_PIC = NO;
				GCC_NO_COMMON_BLOCKS = YES;
				GCC_OPTIMIZATION_LEVEL = 0;
				GCC_PREPROCESSOR_DEFINITIONS = (
					"DEBUG=1",
					"$(inherited)",
				);
				GCC_WARN_64_TO_32_BIT_CONVERSION = YES;
				GCC_WARN_ABOUT_RETURN_TYPE = YES_ERROR;
				GCC_WARN_UNDECLARED_SELECTOR = YES;
				GCC_WARN_UNINITIALIZED_AUTOS = YES_AGGRESSIVE;
				GCC_WARN_UNUSED_FUNCTION = YES;
				GCC_WARN_UNUSED_VARIABLE = YES;
				IPHONEOS_DEPLOYMENT_TARGET = 15.0;
				LOCALIZATION_PREFERS_STRING_CATALOGS = YES;
				MTL_ENABLE_DEBUG_INFO = INCLUDE_SOURCE;
				MTL_FAST_MATH = YES;
				ONLY_ACTIVE_ARCH = YES;
				SDKROOT = iphoneos;
				SWIFT_ACTIVE_COMPILATION_CONDITIONS = "DEBUG $(inherited)";
				SWIFT_OPTIMIZATION_LEVEL = "-Onone";
			};
			name = Debug;
		};
		1C8669332C80D1CE004B5381 /* Release */ = {
			isa = XCBuildConfiguration;
			buildSettings = {
				ALWAYS_SEARCH_USER_PATHS = NO;
				ASSETCATALOG_COMPILER_GENERATE_SWIFT_ASSET_SYMBOL_EXTENSIONS = YES;
				CLANG_ANALYZER_NONNULL = YES;
				CLANG_ANALYZER_NUMBER_OBJECT_CONVERSION = YES_AGGRESSIVE;
				CLANG_CXX_LANGUAGE_STANDARD = "gnu++20";
				CLANG_ENABLE_MODULES = YES;
				CLANG_ENABLE_OBJC_ARC = YES;
				CLANG_ENABLE_OBJC_WEAK = YES;
				CLANG_WARN_BLOCK_CAPTURE_AUTORELEASING = YES;
				CLANG_WARN_BOOL_CONVERSION = YES;
				CLANG_WARN_COMMA = YES;
				CLANG_WARN_CONSTANT_CONVERSION = YES;
				CLANG_WARN_DEPRECATED_OBJC_IMPLEMENTATIONS = YES;
				CLANG_WARN_DIRECT_OBJC_ISA_USAGE = YES_ERROR;
				CLANG_WARN_DOCUMENTATION_COMMENTS = YES;
				CLANG_WARN_EMPTY_BODY = YES;
				CLANG_WARN_ENUM_CONVERSION = YES;
				CLANG_WARN_INFINITE_RECURSION = YES;
				CLANG_WARN_INT_CONVERSION = YES;
				CLANG_WARN_NON_LITERAL_NULL_CONVERSION = YES;
				CLANG_WARN_OBJC_IMPLICIT_RETAIN_SELF = YES;
				CLANG_WARN_OBJC_LITERAL_CONVERSION = YES;
				CLANG_WARN_OBJC_ROOT_CLASS = YES_ERROR;
				CLANG_WARN_QUOTED_INCLUDE_IN_FRAMEWORK_HEADER = YES;
				CLANG_WARN_RANGE_LOOP_ANALYSIS = YES;
				CLANG_WARN_STRICT_PROTOTYPES = YES;
				CLANG_WARN_SUSPICIOUS_MOVE = YES;
				CLANG_WARN_UNGUARDED_AVAILABILITY = YES_AGGRESSIVE;
				CLANG_WARN_UNREACHABLE_CODE = YES;
				CLANG_WARN__DUPLICATE_METHOD_MATCH = YES;
				COPY_PHASE_STRIP = NO;
				DEBUG_INFORMATION_FORMAT = "dwarf-with-dsym";
				ENABLE_NS_ASSERTIONS = NO;
				ENABLE_STRICT_OBJC_MSGSEND = YES;
				ENABLE_USER_SCRIPT_SANDBOXING = YES;
				GCC_C_LANGUAGE_STANDARD = gnu17;
				GCC_NO_COMMON_BLOCKS = YES;
				GCC_WARN_64_TO_32_BIT_CONVERSION = YES;
				GCC_WARN_ABOUT_RETURN_TYPE = YES_ERROR;
				GCC_WARN_UNDECLARED_SELECTOR = YES;
				GCC_WARN_UNINITIALIZED_AUTOS = YES_AGGRESSIVE;
				GCC_WARN_UNUSED_FUNCTION = YES;
				GCC_WARN_UNUSED_VARIABLE = YES;
				IPHONEOS_DEPLOYMENT_TARGET = 15.0;
				LOCALIZATION_PREFERS_STRING_CATALOGS = YES;
				MTL_ENABLE_DEBUG_INFO = NO;
				MTL_FAST_MATH = YES;
				SDKROOT = iphoneos;
				SWIFT_COMPILATION_MODE = wholemodule;
				VALIDATE_PRODUCT = YES;
			};
			name = Release;
		};
		1C8669352C80D1CE004B5381 /* Debug */ = {
			isa = XCBuildConfiguration;
			buildSettings = {
				ASSETCATALOG_COMPILER_APPICON_NAME = AppIcon;
				ASSETCATALOG_COMPILER_GLOBAL_ACCENT_COLOR_NAME = AccentColor;
				CODE_SIGN_STYLE = Automatic;
				CURRENT_PROJECT_VERSION = 1;
				DEVELOPMENT_TEAM = JYKJ45QBU6;
				GENERATE_INFOPLIST_FILE = YES;
				INFOPLIST_FILE = ToDoList/Resource/Info.plist;
				INFOPLIST_KEY_UIApplicationSupportsIndirectInputEvents = YES;
				INFOPLIST_KEY_UILaunchStoryboardName = LaunchScreen;
				INFOPLIST_KEY_UISupportedInterfaceOrientations_iPad = "UIInterfaceOrientationPortrait UIInterfaceOrientationPortraitUpsideDown UIInterfaceOrientationLandscapeLeft UIInterfaceOrientationLandscapeRight";
				INFOPLIST_KEY_UISupportedInterfaceOrientations_iPhone = "UIInterfaceOrientationPortrait UIInterfaceOrientationLandscapeLeft UIInterfaceOrientationLandscapeRight";
				IPHONEOS_DEPLOYMENT_TARGET = 15.0;
				LD_RUNPATH_SEARCH_PATHS = (
					"$(inherited)",
					"@executable_path/Frameworks",
				);
				MARKETING_VERSION = 1.0;
				PRODUCT_BUNDLE_IDENTIFIER = VadimIslamov.ToDoList;
				PRODUCT_NAME = "$(TARGET_NAME)";
				SUPPORTED_PLATFORMS = "iphoneos iphonesimulator";
				SUPPORTS_MACCATALYST = NO;
				SUPPORTS_MAC_DESIGNED_FOR_IPHONE_IPAD = NO;
				SUPPORTS_XR_DESIGNED_FOR_IPHONE_IPAD = NO;
				SWIFT_EMIT_LOC_STRINGS = YES;
				SWIFT_VERSION = 5.0;
				TARGETED_DEVICE_FAMILY = 1;
			};
			name = Debug;
		};
		1C8669362C80D1CE004B5381 /* Release */ = {
			isa = XCBuildConfiguration;
			buildSettings = {
				ASSETCATALOG_COMPILER_APPICON_NAME = AppIcon;
				ASSETCATALOG_COMPILER_GLOBAL_ACCENT_COLOR_NAME = AccentColor;
				CODE_SIGN_STYLE = Automatic;
				CURRENT_PROJECT_VERSION = 1;
				DEVELOPMENT_TEAM = JYKJ45QBU6;
				GENERATE_INFOPLIST_FILE = YES;
				INFOPLIST_FILE = ToDoList/Resource/Info.plist;
				INFOPLIST_KEY_UIApplicationSupportsIndirectInputEvents = YES;
				INFOPLIST_KEY_UILaunchStoryboardName = LaunchScreen;
				INFOPLIST_KEY_UISupportedInterfaceOrientations_iPad = "UIInterfaceOrientationPortrait UIInterfaceOrientationPortraitUpsideDown UIInterfaceOrientationLandscapeLeft UIInterfaceOrientationLandscapeRight";
				INFOPLIST_KEY_UISupportedInterfaceOrientations_iPhone = "UIInterfaceOrientationPortrait UIInterfaceOrientationLandscapeLeft UIInterfaceOrientationLandscapeRight";
				IPHONEOS_DEPLOYMENT_TARGET = 15.0;
				LD_RUNPATH_SEARCH_PATHS = (
					"$(inherited)",
					"@executable_path/Frameworks",
				);
				MARKETING_VERSION = 1.0;
				PRODUCT_BUNDLE_IDENTIFIER = VadimIslamov.ToDoList;
				PRODUCT_NAME = "$(TARGET_NAME)";
				SUPPORTED_PLATFORMS = "iphoneos iphonesimulator";
				SUPPORTS_MACCATALYST = NO;
				SUPPORTS_MAC_DESIGNED_FOR_IPHONE_IPAD = NO;
				SUPPORTS_XR_DESIGNED_FOR_IPHONE_IPAD = NO;
				SWIFT_EMIT_LOC_STRINGS = YES;
				SWIFT_VERSION = 5.0;
				TARGETED_DEVICE_FAMILY = 1;
			};
			name = Release;
		};
/* End XCBuildConfiguration section */

/* Begin XCConfigurationList section */
		1C8669182C80D1CC004B5381 /* Build configuration list for PBXProject "ToDoList" */ = {
			isa = XCConfigurationList;
			buildConfigurations = (
				1C8669322C80D1CE004B5381 /* Debug */,
				1C8669332C80D1CE004B5381 /* Release */,
			);
			defaultConfigurationIsVisible = 0;
			defaultConfigurationName = Release;
		};
		1C8669342C80D1CE004B5381 /* Build configuration list for PBXNativeTarget "ToDoList" */ = {
			isa = XCConfigurationList;
			buildConfigurations = (
				1C8669352C80D1CE004B5381 /* Debug */,
				1C8669362C80D1CE004B5381 /* Release */,
			);
			defaultConfigurationIsVisible = 0;
			defaultConfigurationName = Release;
		};
/* End XCConfigurationList section */

/* Begin XCVersionGroup section */
		1C8669292C80D1CC004B5381 /* ToDoList.xcdatamodeld */ = {
			isa = XCVersionGroup;
			children = (
				1C86692A2C80D1CC004B5381 /* ToDoList.xcdatamodel */,
			);
			currentVersion = 1C86692A2C80D1CC004B5381 /* ToDoList.xcdatamodel */;
			path = ToDoList.xcdatamodeld;
			sourceTree = "<group>";
			versionGroupType = wrapper.xcdatamodel;
		};
/* End XCVersionGroup section */
	};
	rootObject = 1C8669152C80D1CC004B5381 /* Project object */;
}
